
Microsoft Visual Studio Solution File, Format Version 12.00
# Visual Studio Version 17
VisualStudioVersion = 17.9.34723.18
MinimumVisualStudioVersion = 10.0.40219.1
Project("{FAE04EC0-301F-11D3-BF4B-00C04F79EFBC}") = "MultiTenantApps", "MultiTenantApps.csproj", "{0EED6293-4B20-47A8-8E24-9D693888EAB3}"
EndProject
Global
	GlobalSection(SolutionConfigurationPlatforms) = preSolution
		Debug|Any CPU = Debug|Any CPU
		Release|Any CPU = Release|Any CPU
	EndGlobalSection
	GlobalSection(ProjectConfigurationPlatforms) = postSolution
		{0EED6293-4B20-47A8-8E24-9D693888EAB3}.Debug|Any CPU.ActiveCfg = Debug|Any CPU
		{0EED6293-4B20-47A8-8E24-9D693888EAB3}.Debug|Any CPU.Build.0 = Debug|Any CPU
		{0EED6293-4B20-47A8-8E24-9D693888EAB3}.Release|Any CPU.ActiveCfg = Release|Any CPU
		{0EED6293-4B20-47A8-8E24-9D693888EAB3}.Release|Any CPU.Build.0 = Release|Any CPU
	EndGlobalSection
	GlobalSection(SolutionProperties) = preSolution
		HideSolutionNode = FALSE
	EndGlobalSection
	GlobalSection(ExtensibilityGlobals) = postSolution
		SolutionGuid = {79420C9A-473D-4DF0-A258-24AF1345136D}
	EndGlobalSection
EndGlobal
